<?xml version="1.0" encoding="utf-8"?>
<Project ToolsVersion="4.0" xmlns="http://schemas.microsoft.com/developer/msbuild/2003">
  <ItemGroup>
    <Filter Include="Source Files">
      <UniqueIdentifier>{4FC737F1-C7A5-4376-A066-2A32D752A2FF}</UniqueIdentifier>
      <Extensions>cpp;c;cc;cxx;def;odl;idl;hpj;bat;asm;asmx</Extensions>
    </Filter>
    <Filter Include="Header Files">
      <UniqueIdentifier>{93995380-89BD-4b04-88EB-625FBE52EBFB}</UniqueIdentifier>
      <Extensions>h;hh;hpp;hxx;hm;inl;inc;xsd</Extensions>
    </Filter>
    <Filter Include="Resource Files">
      <UniqueIdentifier>{67DA6AB6-F800-4c08-8B7A-83BB121AAD01}</UniqueIdentifier>
      <Extensions>rc;ico;cur;bmp;dlg;rc2;rct;bin;rgs;gif;jpg;jpeg;jpe;resx;tiff;tif;png;wav</Extensions>
    </Filter>
  </ItemGroup>
  <ItemGroup>
    <ClCompile Include="src\Acciones.cpp">
      <Filter>Source Files</Filter>
    </ClCompile>
    <ClCompile Include="src\Admin.cpp">
      <Filter>Source Files</Filter>
    </ClCompile>
    <ClCompile Include="src\AntiMassClon.cpp">
      <Filter>Source Files</Filter>
    </ClCompile>
    <ClCompile Include="src\Areas.cpp">
      <Filter>Source Files</Filter>
    </ClCompile>
    <ClCompile Include="src\Banco.cpp">
      <Filter>Source Files</Filter>
    </ClCompile>
    <ClCompile Include="src\ByteBuffer.cpp">
      <Filter>Source Files</Filter>
    </ClCompile>
    <ClCompile Include="src\ByteQueue.cpp">
      <Filter>Source Files</Filter>
    </ClCompile>
    <ClCompile Include="src\Centinela.cpp">
      <Filter>Source Files</Filter>
    </ClCompile>
    <ClCompile Include="src\Characters.cpp">
      <Filter>Source Files</Filter>
    </ClCompile>
    <ClCompile Include="src\Clan.cpp">
      <Filter>Source Files</Filter>
    </ClCompile>
    <ClCompile Include="src\Clanes.cpp">
      <Filter>Source Files</Filter>
    </ClCompile>
    <ClCompile Include="src\ClanPretoriano.cpp">
      <Filter>Source Files</Filter>
    </ClCompile>
    <ClCompile Include="src\Comercio.cpp">
      <Filter>Source Files</Filter>
    </ClCompile>
    <ClCompile Include="src\ComercioUsuario.cpp">
      <Filter>Source Files</Filter>
    </ClCompile>
    <ClCompile Include="src\ConsultasPopulares.cpp">
      <Filter>Source Files</Filter>
    </ClCompile>
    <ClCompile Include="src\Crypto.cpp">
      <Filter>Source Files</Filter>
    </ClCompile>
    <ClCompile Include="src\dakara-server.cpp">
      <Filter>Source Files</Filter>
    </ClCompile>
    <ClCompile Include="src\Declares.cpp">
      <Filter>Source Files</Filter>
    </ClCompile>
    <ClCompile Include="src\Facciones.cpp">
      <Filter>Source Files</Filter>
    </ClCompile>
    <ClCompile Include="src\FileIO.cpp">
      <Filter>Source Files</Filter>
    </ClCompile>
    <ClCompile Include="src\Forum.cpp">
      <Filter>Source Files</Filter>
    </ClCompile>
    <ClCompile Include="src\GameLogic.cpp">
      <Filter>Source Files</Filter>
    </ClCompile>
    <ClCompile Include="src\General.cpp">
      <Filter>Source Files</Filter>
    </ClCompile>
    <ClCompile Include="src\Hechizos.cpp">
      <Filter>Source Files</Filter>
    </ClCompile>
    <ClCompile Include="src\HexaStrings.cpp">
      <Filter>Source Files</Filter>
    </ClCompile>
    <ClCompile Include="src\IniManager.cpp">
      <Filter>Source Files</Filter>
    </ClCompile>
    <ClCompile Include="src\Invisibles.cpp">
      <Filter>Source Files</Filter>
    </ClCompile>
    <ClCompile Include="src\InvNpcs.cpp">
      <Filter>Source Files</Filter>
    </ClCompile>
    <ClCompile Include="src\InvUsuario.cpp">
      <Filter>Source Files</Filter>
    </ClCompile>
    <ClCompile Include="src\Logs.cpp">
      <Filter>Source Files</Filter>
    </ClCompile>
    <ClCompile Include="src\MapSoundManager.cpp">
      <Filter>Source Files</Filter>
    </ClCompile>
    <ClCompile Include="src\Matematicas.cpp">
      <Filter>Source Files</Filter>
    </ClCompile>
    <ClCompile Include="src\Npcs.cpp">
      <Filter>Source Files</Filter>
    </ClCompile>
    <ClCompile Include="src\NpcsAI.cpp">
      <Filter>Source Files</Filter>
    </ClCompile>
    <ClCompile Include="src\NuevoTimer.cpp">
      <Filter>Source Files</Filter>
    </ClCompile>
    <ClCompile Include="src\Parties.cpp">
      <Filter>Source Files</Filter>
    </ClCompile>
    <ClCompile Include="src\Party.cpp">
      <Filter>Source Files</Filter>
    </ClCompile>
    <ClCompile Include="src\PathFinding.cpp">
      <Filter>Source Files</Filter>
    </ClCompile>
    <ClCompile Include="src\praetorians.cpp">
      <Filter>Source Files</Filter>
    </ClCompile>
    <ClCompile Include="src\Protocol.cpp">
      <Filter>Source Files</Filter>
    </ClCompile>
    <ClCompile Include="src\ProtocolHandler.cpp">
      <Filter>Source Files</Filter>
    </ClCompile>
    <ClCompile Include="src\ProtocolNew.cpp">
      <Filter>Source Files</Filter>
    </ClCompile>
    <ClCompile Include="src\SecurityIp.cpp">
      <Filter>Source Files</Filter>
    </ClCompile>
    <ClCompile Include="src\SendData.cpp">
      <Filter>Source Files</Filter>
    </ClCompile>
    <ClCompile Include="src\sha1.cpp">
      <Filter>Source Files</Filter>
    </ClCompile>
    <ClCompile Include="src\SistemaCombate.cpp">
      <Filter>Source Files</Filter>
    </ClCompile>
    <ClCompile Include="src\Sockets.cpp">
      <Filter>Source Files</Filter>
    </ClCompile>
    <ClCompile Include="src\SocketsLib.cpp">
      <Filter>Source Files</Filter>
    </ClCompile>
    <ClCompile Include="src\Solicitud.cpp">
      <Filter>Source Files</Filter>
    </ClCompile>
    <ClCompile Include="src\Statistics.cpp">
      <Filter>Source Files</Filter>
    </ClCompile>
    <ClCompile Include="src\stdafx.cpp">
      <Filter>Source Files</Filter>
    </ClCompile>
    <ClCompile Include="src\TCP.cpp">
      <Filter>Source Files</Filter>
    </ClCompile>
    <ClCompile Include="src\Timers.cpp">
      <Filter>Source Files</Filter>
    </ClCompile>
    <ClCompile Include="src\Trabajo.cpp">
      <Filter>Source Files</Filter>
    </ClCompile>
    <ClCompile Include="src\UserRecords.cpp">
      <Filter>Source Files</Filter>
    </ClCompile>
    <ClCompile Include="src\Usuarios.cpp">
      <Filter>Source Files</Filter>
    </ClCompile>
    <ClCompile Include="src\vb6compat.cpp">
      <Filter>Source Files</Filter>
    </ClCompile>
  </ItemGroup>
  <ItemGroup>
    <ClInclude Include="out\build\x64-debug (predeterminado)\cmakefiles\showincludes\foo.h">
      <Filter>Header Files</Filter>
    </ClInclude>
    <ClInclude Include="src\Acciones.h">
      <Filter>Header Files</Filter>
    </ClInclude>
    <ClInclude Include="src\Admin.h">
      <Filter>Header Files</Filter>
    </ClInclude>
    <ClInclude Include="src\allheaders.h">
      <Filter>Header Files</Filter>
    </ClInclude>
    <ClInclude Include="src\AntiMassClon.h">
      <Filter>Header Files</Filter>
    </ClInclude>
    <ClInclude Include="src\Areas.h">
      <Filter>Header Files</Filter>
    </ClInclude>
    <ClInclude Include="src\Banco.h">
      <Filter>Header Files</Filter>
    </ClInclude>
    <ClInclude Include="src\ByteBuffer.h">
      <Filter>Header Files</Filter>
    </ClInclude>
    <ClInclude Include="src\ByteQueue.h">
      <Filter>Header Files</Filter>
    </ClInclude>
    <ClInclude Include="src\Centinela.h">
      <Filter>Header Files</Filter>
    </ClInclude>
    <ClInclude Include="src\Characters.h">
      <Filter>Header Files</Filter>
    </ClInclude>
    <ClInclude Include="src\Clan.h">
      <Filter>Header Files</Filter>
    </ClInclude>
    <ClInclude Include="src\Clanes.h">
      <Filter>Header Files</Filter>
    </ClInclude>
    <ClInclude Include="src\ClanPretoriano.h">
      <Filter>Header Files</Filter>
    </ClInclude>
    <ClInclude Include="src\Comercio.h">
      <Filter>Header Files</Filter>
    </ClInclude>
    <ClInclude Include="src\ComercioUsuario.h">
      <Filter>Header Files</Filter>
    </ClInclude>
    <ClInclude Include="src\ConsultasPopulares.h">
      <Filter>Header Files</Filter>
    </ClInclude>
    <ClInclude Include="src\Crypto.h">
      <Filter>Header Files</Filter>
    </ClInclude>
    <ClInclude Include="src\Declares.h">
      <Filter>Header Files</Filter>
    </ClInclude>
    <ClInclude Include="src\enums.h">
      <Filter>Header Files</Filter>
    </ClInclude>
    <ClInclude Include="src\Facciones.h">
      <Filter>Header Files</Filter>
    </ClInclude>
    <ClInclude Include="src\FileIO.h">
      <Filter>Header Files</Filter>
    </ClInclude>
    <ClInclude Include="src\Forum.h">
      <Filter>Header Files</Filter>
    </ClInclude>
    <ClInclude Include="src\GameLogic.h">
      <Filter>Header Files</Filter>
    </ClInclude>
    <ClInclude Include="src\General.h">
      <Filter>Header Files</Filter>
    </ClInclude>
    <ClInclude Include="src\Hechizos.h">
      <Filter>Header Files</Filter>
    </ClInclude>
    <ClInclude Include="src\HexaStrings.h">
      <Filter>Header Files</Filter>
    </ClInclude>
    <ClInclude Include="src\IniManager.h">
      <Filter>Header Files</Filter>
    </ClInclude>
    <ClInclude Include="src\Invisibles.h">
      <Filter>Header Files</Filter>
    </ClInclude>
    <ClInclude Include="src\InvNpcs.h">
      <Filter>Header Files</Filter>
    </ClInclude>
    <ClInclude Include="src\InvUsuario.h">
      <Filter>Header Files</Filter>
    </ClInclude>
    <ClInclude Include="src\Logs.h">
      <Filter>Header Files</Filter>
    </ClInclude>
    <ClInclude Include="src\MapSoundManager.h">
      <Filter>Header Files</Filter>
    </ClInclude>
    <ClInclude Include="src\Matematicas.h">
      <Filter>Header Files</Filter>
    </ClInclude>
    <ClInclude Include="src\Npcs.h">
      <Filter>Header Files</Filter>
    </ClInclude>
    <ClInclude Include="src\NpcsAI.h">
      <Filter>Header Files</Filter>
    </ClInclude>
    <ClInclude Include="src\NuevoTimer.h">
      <Filter>Header Files</Filter>
    </ClInclude>
    <ClInclude Include="src\Parties.h">
      <Filter>Header Files</Filter>
    </ClInclude>
    <ClInclude Include="src\Party.h">
      <Filter>Header Files</Filter>
    </ClInclude>
    <ClInclude Include="src\PathFinding.h">
      <Filter>Header Files</Filter>
    </ClInclude>
    <ClInclude Include="src\praetorians.h">
      <Filter>Header Files</Filter>
    </ClInclude>
    <ClInclude Include="src\Protocol.h">
      <Filter>Header Files</Filter>
    </ClInclude>
    <ClInclude Include="src\ProtocolHandler.h">
      <Filter>Header Files</Filter>
    </ClInclude>
    <ClInclude Include="src\ProtocolNew.h">
      <Filter>Header Files</Filter>
    </ClInclude>
    <ClInclude Include="src\SecurityIp.h">
      <Filter>Header Files</Filter>
    </ClInclude>
    <ClInclude Include="src\SendData.h">
      <Filter>Header Files</Filter>
    </ClInclude>
    <ClInclude Include="src\sha1.h">
      <Filter>Header Files</Filter>
    </ClInclude>
    <ClInclude Include="src\SistemaCombate.h">
      <Filter>Header Files</Filter>
    </ClInclude>
    <ClInclude Include="src\Sockets.h">
      <Filter>Header Files</Filter>
    </ClInclude>
    <ClInclude Include="src\SocketsLib.h">
      <Filter>Header Files</Filter>
    </ClInclude>
    <ClInclude Include="src\Solicitud.h">
      <Filter>Header Files</Filter>
    </ClInclude>
    <ClInclude Include="src\Statistics.h">
      <Filter>Header Files</Filter>
    </ClInclude>
    <ClInclude Include="src\stdafx.h">
      <Filter>Header Files</Filter>
    </ClInclude>
    <ClInclude Include="src\TCP.h">
      <Filter>Header Files</Filter>
    </ClInclude>
    <ClInclude Include="src\Timers.h">
      <Filter>Header Files</Filter>
    </ClInclude>
    <ClInclude Include="src\Trabajo.h">
      <Filter>Header Files</Filter>
    </ClInclude>
    <ClInclude Include="src\UserRecords.h">
      <Filter>Header Files</Filter>
    </ClInclude>
    <ClInclude Include="src\Usuarios.h">
      <Filter>Header Files</Filter>
    </ClInclude>
    <ClInclude Include="src\vb6compat.h">
      <Filter>Header Files</Filter>
    </ClInclude>
  </ItemGroup>
  <ItemGroup>
    <None Include="out\build\x64-debug (predeterminado)\cmakefiles\3.17.20032601-msvc_2\CMakeDetermineCompilerABI_C.bin">
      <Filter>Resource Files</Filter>
    </None>
    <None Include="out\build\x64-debug (predeterminado)\cmakefiles\3.17.20032601-msvc_2\CMakeDetermineCompilerABI_CXX.bin">
      <Filter>Resource Files</Filter>
    </None>
    <None Include="packages.config" />
  </ItemGroup>
</Project>